
Microsoft Visual Studio Solution File, Format Version 12.00
Project("{FAE04EC0-301F-11D3-BF4B-00C04F79EFBC}") = "CommandLineArgument3.3", "CommandLineArgument3.3\CommandLineArgument3.3.csproj", "{1ADB06E1-C78E-4992-A750-070A19B373DD}"
EndProject
Global
	GlobalSection(SolutionConfigurationPlatforms) = preSolution
		Debug|Any CPU = Debug|Any CPU
		Release|Any CPU = Release|Any CPU
	EndGlobalSection
	GlobalSection(ProjectConfigurationPlatforms) = postSolution
		{1ADB06E1-C78E-4992-A750-070A19B373DD}.Debug|Any CPU.ActiveCfg = Debug|Any CPU
		{1ADB06E1-C78E-4992-A750-070A19B373DD}.Debug|Any CPU.Build.0 = Debug|Any CPU
		{1ADB06E1-C78E-4992-A750-070A19B373DD}.Release|Any CPU.ActiveCfg = Release|Any CPU
		{1ADB06E1-C78E-4992-A750-070A19B373DD}.Release|Any CPU.Build.0 = Release|Any CPU
	EndGlobalSection
EndGlobal
