
Microsoft Visual Studio Solution File, Format Version 12.00
Project("{FAE04EC0-301F-11D3-BF4B-00C04F79EFBC}") = "CastingVote5.1", "CastingVote5.1\CastingVote5.1.csproj", "{FC66599E-F158-4165-9765-62747D0EBC51}"
EndProject
Global
	GlobalSection(SolutionConfigurationPlatforms) = preSolution
		Debug|Any CPU = Debug|Any CPU
		Release|Any CPU = Release|Any CPU
	EndGlobalSection
	GlobalSection(ProjectConfigurationPlatforms) = postSolution
		{FC66599E-F158-4165-9765-62747D0EBC51}.Debug|Any CPU.ActiveCfg = Debug|Any CPU
		{FC66599E-F158-4165-9765-62747D0EBC51}.Debug|Any CPU.Build.0 = Debug|Any CPU
		{FC66599E-F158-4165-9765-62747D0EBC51}.Release|Any CPU.ActiveCfg = Release|Any CPU
		{FC66599E-F158-4165-9765-62747D0EBC51}.Release|Any CPU.Build.0 = Release|Any CPU
	EndGlobalSection
EndGlobal
