
Microsoft Visual Studio Solution File, Format Version 12.00
Project("{FAE04EC0-301F-11D3-BF4B-00C04F79EFBC}") = "WriteFile8.2", "WriteFile8.2\WriteFile8.2.csproj", "{830D24E4-37A6-4A5F-B30D-33A9A44FFA49}"
EndProject
Global
	GlobalSection(SolutionConfigurationPlatforms) = preSolution
		Debug|Any CPU = Debug|Any CPU
		Release|Any CPU = Release|Any CPU
	EndGlobalSection
	GlobalSection(ProjectConfigurationPlatforms) = postSolution
		{830D24E4-37A6-4A5F-B30D-33A9A44FFA49}.Debug|Any CPU.ActiveCfg = Debug|Any CPU
		{830D24E4-37A6-4A5F-B30D-33A9A44FFA49}.Debug|Any CPU.Build.0 = Debug|Any CPU
		{830D24E4-37A6-4A5F-B30D-33A9A44FFA49}.Release|Any CPU.ActiveCfg = Release|Any CPU
		{830D24E4-37A6-4A5F-B30D-33A9A44FFA49}.Release|Any CPU.Build.0 = Release|Any CPU
	EndGlobalSection
EndGlobal
